
Microsoft Visual Studio Solution File, Format Version 12.00
# Visual Studio Version 17
VisualStudioVersion = 17.12.35707.178
MinimumVisualStudioVersion = 10.0.40219.1
Project("{8BC9CEB8-8B4A-11D0-8D11-00A0C91BC942}") = "Lesson_01_Window", "Lesson_01_Window\Lesson_01_Window.vcxproj", "{3038A616-C99C-4F80-A5CA-06903755F4EB}"
EndProject
Project("{8BC9CEB8-8B4A-11D0-8D11-00A0C91BC942}") = "glfw", "vendor\Glfw\src\glfw.vcxproj", "{586BC990-54A6-3B12-B0A3-32B67BA8671C}"
EndProject
Project("{8BC9CEB8-8B4A-11D0-8D11-00A0C91BC942}") = "glm", "vendor\glm\glm\glm.vcxproj", "{C4169BDB-5C8F-38BF-8292-6E20A1F02217}"
EndProject
Project("{2150E333-8FDC-42A3-9474-1A3956D46DE8}") = "vendor", "vendor", "{A3AC77F7-F823-4E6D-9559-ACAB45576643}"
EndProject
Project("{8BC9CEB8-8B4A-11D0-8D11-00A0C91BC942}") = "ApplicationCommon", "ApplicationCommon\ApplicationCommon.vcxproj", "{221C5A59-A656-4AD0-BA4F-959B8D79770F}"
EndProject
Project("{8BC9CEB8-8B4A-11D0-8D11-00A0C91BC942}") = "Lesson_02_HelloTriangle", "Lesson_02_HelloTriangle\Lesson_02_HelloTriangle.vcxproj", "{67308FC9-7BE4-42A2-9077-464B407B3233}"
EndProject
Project("{8BC9CEB8-8B4A-11D0-8D11-00A0C91BC942}") = "Lesson_03_HelloShader", "Lesson_03_HelloShader\Lesson_03_HelloShader.vcxproj", "{65C31E14-B1F2-4335-BEDD-9A86A88D3C8C}"
EndProject
Project("{8BC9CEB8-8B4A-11D0-8D11-00A0C91BC942}") = "GraphicsCommon", "GraphicsCommon\GraphicsCommon.vcxproj", "{B38EF8E7-9A21-40FF-9267-DE7EAEE4C821}"
EndProject
Project("{8BC9CEB8-8B4A-11D0-8D11-00A0C91BC942}") = "Lesson_04_Attributes", "Lesson_04_Attributes\Lesson_04_Attributes.vcxproj", "{F51DC8AB-38EE-406A-8222-37790803FF76}"
EndProject
Project("{8BC9CEB8-8B4A-11D0-8D11-00A0C91BC942}") = "Lesson_05_Texturing", "Lesson_05_Texturing\Lesson_05_Texturing.vcxproj", "{96495494-A2E8-45F7-B2F1-5175A6E93493}"
EndProject
Project("{8BC9CEB8-8B4A-11D0-8D11-00A0C91BC942}") = "Lesson_06_Uniforms", "Lesson_06_Uniforms\Lesson_06_Uniforms.vcxproj", "{5AF82361-5D10-4D6F-BD44-DFB624D3523D}"
EndProject
Project("{8BC9CEB8-8B4A-11D0-8D11-00A0C91BC942}") = "Lesson_07_Transformations", "Lesson_07_Transformations\Lesson_07_Transformations.vcxproj", "{30D46424-69D8-49F2-949B-800506743F55}"
EndProject
Project("{8BC9CEB8-8B4A-11D0-8D11-00A0C91BC942}") = "Lesson_08_Camera", "Lesson_08_Camera\Lesson_08_Camera.vcxproj", "{B264F782-7D15-4770-88BE-F19639CE97BE}"
EndProject
Project("{8BC9CEB8-8B4A-11D0-8D11-00A0C91BC942}") = "Lesson_09_IndexedTriangles", "Lesson_09_IndexedTriangles\Lesson_09_IndexedTriangles.vcxproj", "{085CC43C-405A-4C20-BA6A-4F281E5E376D}"
EndProject
Project("{8BC9CEB8-8B4A-11D0-8D11-00A0C91BC942}") = "Lesson_10_MeshLoading", "Lesson_10_MeshLoading\Lesson_10_MeshLoading.vcxproj", "{B8998F29-B813-45F8-9691-D9D7C596DAC6}"
EndProject
Project("{8BC9CEB8-8B4A-11D0-8D11-00A0C91BC942}") = "Lesson_11_Lighting", "Lesson_11_Lighting\Lesson_11_Lighting.vcxproj", "{1BB4C045-7404-4F28-B144-CBFF662884AB}"
EndProject
Project("{8BC9CEB8-8B4A-11D0-8D11-00A0C91BC942}") = "Lesson_12_Material", "Lesson_12_Material\Lesson_12_Material.vcxproj", "{99C0ED91-71C1-48C2-89BE-CE5C4CF0A5E7}"
EndProject
Project("{8BC9CEB8-8B4A-11D0-8D11-00A0C91BC942}") = "Lesson_13_SceneLoading", "Lesson_13_SceneLoading\Lesson_13_SceneLoading.vcxproj", "{2A3A241C-F44F-461E-83F7-B5BD3CC8DBB1}"
EndProject
Project("{2150E333-8FDC-42A3-9474-1A3956D46DE8}") = "shaders", "shaders", "{8B02FA81-4E8C-43B8-9B51-C5A74EADD1AF}"
	ProjectSection(SolutionItems) = preProject
		asset\shader\attrib.frag = asset\shader\attrib.frag
		asset\shader\attrib.vert = asset\shader\attrib.vert
		asset\shader\basic.frag = asset\shader\basic.frag
		asset\shader\basic.vert = asset\shader\basic.vert
		asset\shader\camera.frag = asset\shader\camera.frag
		asset\shader\camera.vert = asset\shader\camera.vert
		asset\shader\lambert.frag = asset\shader\lambert.frag
		asset\shader\lambert.vert = asset\shader\lambert.vert
		asset\shader\mesh.frag = asset\shader\mesh.frag
		asset\shader\mesh.vert = asset\shader\mesh.vert
		asset\shader\text.frag = asset\shader\text.frag
		asset\shader\text.vert = asset\shader\text.vert
		asset\shader\texture.frag = asset\shader\texture.frag
		asset\shader\texture.vert = asset\shader\texture.vert
		asset\shader\transforms.frag = asset\shader\transforms.frag
		asset\shader\transforms.vert = asset\shader\transforms.vert
		asset\shader\uniforms.frag = asset\shader\uniforms.frag
		asset\shader\uniforms.vert = asset\shader\uniforms.vert
	EndProjectSection
EndProject
Project("{8BC9CEB8-8B4A-11D0-8D11-00A0C91BC942}") = "ContentBuild", "ContentBuild\ContentBuild.vcxproj", "{CA3E0304-B850-4585-A23F-F8B60296C8CC}"
EndProject
Project("{8BC9CEB8-8B4A-11D0-8D11-00A0C91BC942}") = "Lesson_09_IndexedTriangles_Box", "Lesson_09_IndexedTriangles_Box\Lesson_09_IndexedTriangles_Box.vcxproj", "{87A80DFA-0192-4B7F-8334-2C6EE3B6B7F6}"
EndProject
Project("{8BC9CEB8-8B4A-11D0-8D11-00A0C91BC942}") = "assimp", "vendor\assimp\code\assimp.vcxproj", "{9463BD1A-A3AE-32D3-A0C7-337A06B3D951}"
EndProject
Project("{8BC9CEB8-8B4A-11D0-8D11-00A0C91BC942}") = "zlibstatic", "vendor\assimp\contrib\zlib\zlibstatic.vcxproj", "{3E683620-E345-3BD5-9BB7-6E475C636096}"
EndProject
Project("{8BC9CEB8-8B4A-11D0-8D11-00A0C91BC942}") = "Lesson_01_Window_TextRendering", "Lesson_01_Window_TextRendering\Lesson_01_Window_TextRendering.vcxproj", "{D97C24A9-D906-4F03-A7B1-A985093EC73A}"
EndProject
Project("{8BC9CEB8-8B4A-11D0-8D11-00A0C91BC942}") = "freetype", "vendor\freetype\build\freetype.vcxproj", "{3A592AAC-563C-3812-9CF2-9FBC4634C42C}"
EndProject
Project("{8BC9CEB8-8B4A-11D0-8D11-00A0C91BC942}") = "Lesson_01_Window_ImGui", "Lesson_01_Window_ImGui\Lesson_01_Window_ImGui.vcxproj", "{05C01574-2663-40BB-8E3C-8F3C661665AA}"
EndProject
Global
	GlobalSection(SolutionConfigurationPlatforms) = preSolution
		Debug|x64 = Debug|x64
		Debug|x86 = Debug|x86
		Release|x64 = Release|x64
		Release|x86 = Release|x86
	EndGlobalSection
	GlobalSection(ProjectConfigurationPlatforms) = postSolution
		{3038A616-C99C-4F80-A5CA-06903755F4EB}.Debug|x64.ActiveCfg = Debug|x64
		{3038A616-C99C-4F80-A5CA-06903755F4EB}.Debug|x64.Build.0 = Debug|x64
		{3038A616-C99C-4F80-A5CA-06903755F4EB}.Debug|x86.ActiveCfg = Debug|Win32
		{3038A616-C99C-4F80-A5CA-06903755F4EB}.Debug|x86.Build.0 = Debug|Win32
		{3038A616-C99C-4F80-A5CA-06903755F4EB}.Release|x64.ActiveCfg = Release|x64
		{3038A616-C99C-4F80-A5CA-06903755F4EB}.Release|x64.Build.0 = Release|x64
		{3038A616-C99C-4F80-A5CA-06903755F4EB}.Release|x86.ActiveCfg = Release|Win32
		{3038A616-C99C-4F80-A5CA-06903755F4EB}.Release|x86.Build.0 = Release|Win32
		{586BC990-54A6-3B12-B0A3-32B67BA8671C}.Debug|x64.ActiveCfg = Debug|x64
		{586BC990-54A6-3B12-B0A3-32B67BA8671C}.Debug|x64.Build.0 = Debug|x64
		{586BC990-54A6-3B12-B0A3-32B67BA8671C}.Debug|x86.ActiveCfg = Debug|x64
		{586BC990-54A6-3B12-B0A3-32B67BA8671C}.Debug|x86.Build.0 = Debug|x64
		{586BC990-54A6-3B12-B0A3-32B67BA8671C}.Release|x64.ActiveCfg = Release|x64
		{586BC990-54A6-3B12-B0A3-32B67BA8671C}.Release|x64.Build.0 = Release|x64
		{586BC990-54A6-3B12-B0A3-32B67BA8671C}.Release|x86.ActiveCfg = Release|x64
		{586BC990-54A6-3B12-B0A3-32B67BA8671C}.Release|x86.Build.0 = Release|x64
		{C4169BDB-5C8F-38BF-8292-6E20A1F02217}.Debug|x64.ActiveCfg = Debug|x64
		{C4169BDB-5C8F-38BF-8292-6E20A1F02217}.Debug|x64.Build.0 = Debug|x64
		{C4169BDB-5C8F-38BF-8292-6E20A1F02217}.Debug|x86.ActiveCfg = Debug|x64
		{C4169BDB-5C8F-38BF-8292-6E20A1F02217}.Debug|x86.Build.0 = Debug|x64
		{C4169BDB-5C8F-38BF-8292-6E20A1F02217}.Release|x64.ActiveCfg = Release|x64
		{C4169BDB-5C8F-38BF-8292-6E20A1F02217}.Release|x64.Build.0 = Release|x64
		{C4169BDB-5C8F-38BF-8292-6E20A1F02217}.Release|x86.ActiveCfg = Release|x64
		{C4169BDB-5C8F-38BF-8292-6E20A1F02217}.Release|x86.Build.0 = Release|x64
		{221C5A59-A656-4AD0-BA4F-959B8D79770F}.Debug|x64.ActiveCfg = Debug|x64
		{221C5A59-A656-4AD0-BA4F-959B8D79770F}.Debug|x64.Build.0 = Debug|x64
		{221C5A59-A656-4AD0-BA4F-959B8D79770F}.Debug|x86.ActiveCfg = Debug|Win32
		{221C5A59-A656-4AD0-BA4F-959B8D79770F}.Debug|x86.Build.0 = Debug|Win32
		{221C5A59-A656-4AD0-BA4F-959B8D79770F}.Release|x64.ActiveCfg = Release|x64
		{221C5A59-A656-4AD0-BA4F-959B8D79770F}.Release|x64.Build.0 = Release|x64
		{221C5A59-A656-4AD0-BA4F-959B8D79770F}.Release|x86.ActiveCfg = Release|Win32
		{221C5A59-A656-4AD0-BA4F-959B8D79770F}.Release|x86.Build.0 = Release|Win32
		{67308FC9-7BE4-42A2-9077-464B407B3233}.Debug|x64.ActiveCfg = Debug|x64
		{67308FC9-7BE4-42A2-9077-464B407B3233}.Debug|x64.Build.0 = Debug|x64
		{67308FC9-7BE4-42A2-9077-464B407B3233}.Debug|x86.ActiveCfg = Debug|Win32
		{67308FC9-7BE4-42A2-9077-464B407B3233}.Debug|x86.Build.0 = Debug|Win32
		{67308FC9-7BE4-42A2-9077-464B407B3233}.Release|x64.ActiveCfg = Release|x64
		{67308FC9-7BE4-42A2-9077-464B407B3233}.Release|x64.Build.0 = Release|x64
		{67308FC9-7BE4-42A2-9077-464B407B3233}.Release|x86.ActiveCfg = Release|Win32
		{67308FC9-7BE4-42A2-9077-464B407B3233}.Release|x86.Build.0 = Release|Win32
		{65C31E14-B1F2-4335-BEDD-9A86A88D3C8C}.Debug|x64.ActiveCfg = Debug|x64
		{65C31E14-B1F2-4335-BEDD-9A86A88D3C8C}.Debug|x64.Build.0 = Debug|x64
		{65C31E14-B1F2-4335-BEDD-9A86A88D3C8C}.Debug|x86.ActiveCfg = Debug|Win32
		{65C31E14-B1F2-4335-BEDD-9A86A88D3C8C}.Debug|x86.Build.0 = Debug|Win32
		{65C31E14-B1F2-4335-BEDD-9A86A88D3C8C}.Release|x64.ActiveCfg = Release|x64
		{65C31E14-B1F2-4335-BEDD-9A86A88D3C8C}.Release|x64.Build.0 = Release|x64
		{65C31E14-B1F2-4335-BEDD-9A86A88D3C8C}.Release|x86.ActiveCfg = Release|Win32
		{65C31E14-B1F2-4335-BEDD-9A86A88D3C8C}.Release|x86.Build.0 = Release|Win32
		{B38EF8E7-9A21-40FF-9267-DE7EAEE4C821}.Debug|x64.ActiveCfg = Debug|x64
		{B38EF8E7-9A21-40FF-9267-DE7EAEE4C821}.Debug|x64.Build.0 = Debug|x64
		{B38EF8E7-9A21-40FF-9267-DE7EAEE4C821}.Debug|x86.ActiveCfg = Debug|Win32
		{B38EF8E7-9A21-40FF-9267-DE7EAEE4C821}.Debug|x86.Build.0 = Debug|Win32
		{B38EF8E7-9A21-40FF-9267-DE7EAEE4C821}.Release|x64.ActiveCfg = Release|x64
		{B38EF8E7-9A21-40FF-9267-DE7EAEE4C821}.Release|x64.Build.0 = Release|x64
		{B38EF8E7-9A21-40FF-9267-DE7EAEE4C821}.Release|x86.ActiveCfg = Release|Win32
		{B38EF8E7-9A21-40FF-9267-DE7EAEE4C821}.Release|x86.Build.0 = Release|Win32
		{F51DC8AB-38EE-406A-8222-37790803FF76}.Debug|x64.ActiveCfg = Debug|x64
		{F51DC8AB-38EE-406A-8222-37790803FF76}.Debug|x64.Build.0 = Debug|x64
		{F51DC8AB-38EE-406A-8222-37790803FF76}.Debug|x86.ActiveCfg = Debug|Win32
		{F51DC8AB-38EE-406A-8222-37790803FF76}.Debug|x86.Build.0 = Debug|Win32
		{F51DC8AB-38EE-406A-8222-37790803FF76}.Release|x64.ActiveCfg = Release|x64
		{F51DC8AB-38EE-406A-8222-37790803FF76}.Release|x64.Build.0 = Release|x64
		{F51DC8AB-38EE-406A-8222-37790803FF76}.Release|x86.ActiveCfg = Release|Win32
		{F51DC8AB-38EE-406A-8222-37790803FF76}.Release|x86.Build.0 = Release|Win32
		{96495494-A2E8-45F7-B2F1-5175A6E93493}.Debug|x64.ActiveCfg = Debug|x64
		{96495494-A2E8-45F7-B2F1-5175A6E93493}.Debug|x64.Build.0 = Debug|x64
		{96495494-A2E8-45F7-B2F1-5175A6E93493}.Debug|x86.ActiveCfg = Debug|Win32
		{96495494-A2E8-45F7-B2F1-5175A6E93493}.Debug|x86.Build.0 = Debug|Win32
		{96495494-A2E8-45F7-B2F1-5175A6E93493}.Release|x64.ActiveCfg = Release|x64
		{96495494-A2E8-45F7-B2F1-5175A6E93493}.Release|x64.Build.0 = Release|x64
		{96495494-A2E8-45F7-B2F1-5175A6E93493}.Release|x86.ActiveCfg = Release|Win32
		{96495494-A2E8-45F7-B2F1-5175A6E93493}.Release|x86.Build.0 = Release|Win32
		{5AF82361-5D10-4D6F-BD44-DFB624D3523D}.Debug|x64.ActiveCfg = Debug|x64
		{5AF82361-5D10-4D6F-BD44-DFB624D3523D}.Debug|x64.Build.0 = Debug|x64
		{5AF82361-5D10-4D6F-BD44-DFB624D3523D}.Debug|x86.ActiveCfg = Debug|Win32
		{5AF82361-5D10-4D6F-BD44-DFB624D3523D}.Debug|x86.Build.0 = Debug|Win32
		{5AF82361-5D10-4D6F-BD44-DFB624D3523D}.Release|x64.ActiveCfg = Release|x64
		{5AF82361-5D10-4D6F-BD44-DFB624D3523D}.Release|x64.Build.0 = Release|x64
		{5AF82361-5D10-4D6F-BD44-DFB624D3523D}.Release|x86.ActiveCfg = Release|Win32
		{5AF82361-5D10-4D6F-BD44-DFB624D3523D}.Release|x86.Build.0 = Release|Win32
		{30D46424-69D8-49F2-949B-800506743F55}.Debug|x64.ActiveCfg = Debug|x64
		{30D46424-69D8-49F2-949B-800506743F55}.Debug|x64.Build.0 = Debug|x64
		{30D46424-69D8-49F2-949B-800506743F55}.Debug|x86.ActiveCfg = Debug|Win32
		{30D46424-69D8-49F2-949B-800506743F55}.Debug|x86.Build.0 = Debug|Win32
		{30D46424-69D8-49F2-949B-800506743F55}.Release|x64.ActiveCfg = Release|x64
		{30D46424-69D8-49F2-949B-800506743F55}.Release|x64.Build.0 = Release|x64
		{30D46424-69D8-49F2-949B-800506743F55}.Release|x86.ActiveCfg = Release|Win32
		{30D46424-69D8-49F2-949B-800506743F55}.Release|x86.Build.0 = Release|Win32
		{B264F782-7D15-4770-88BE-F19639CE97BE}.Debug|x64.ActiveCfg = Debug|x64
		{B264F782-7D15-4770-88BE-F19639CE97BE}.Debug|x64.Build.0 = Debug|x64
		{B264F782-7D15-4770-88BE-F19639CE97BE}.Debug|x86.ActiveCfg = Debug|Win32
		{B264F782-7D15-4770-88BE-F19639CE97BE}.Debug|x86.Build.0 = Debug|Win32
		{B264F782-7D15-4770-88BE-F19639CE97BE}.Release|x64.ActiveCfg = Release|x64
		{B264F782-7D15-4770-88BE-F19639CE97BE}.Release|x64.Build.0 = Release|x64
		{B264F782-7D15-4770-88BE-F19639CE97BE}.Release|x86.ActiveCfg = Release|Win32
		{B264F782-7D15-4770-88BE-F19639CE97BE}.Release|x86.Build.0 = Release|Win32
		{085CC43C-405A-4C20-BA6A-4F281E5E376D}.Debug|x64.ActiveCfg = Debug|x64
		{085CC43C-405A-4C20-BA6A-4F281E5E376D}.Debug|x64.Build.0 = Debug|x64
		{085CC43C-405A-4C20-BA6A-4F281E5E376D}.Debug|x86.ActiveCfg = Debug|Win32
		{085CC43C-405A-4C20-BA6A-4F281E5E376D}.Debug|x86.Build.0 = Debug|Win32
		{085CC43C-405A-4C20-BA6A-4F281E5E376D}.Release|x64.ActiveCfg = Release|x64
		{085CC43C-405A-4C20-BA6A-4F281E5E376D}.Release|x64.Build.0 = Release|x64
		{085CC43C-405A-4C20-BA6A-4F281E5E376D}.Release|x86.ActiveCfg = Release|Win32
		{085CC43C-405A-4C20-BA6A-4F281E5E376D}.Release|x86.Build.0 = Release|Win32
		{B8998F29-B813-45F8-9691-D9D7C596DAC6}.Debug|x64.ActiveCfg = Debug|x64
		{B8998F29-B813-45F8-9691-D9D7C596DAC6}.Debug|x64.Build.0 = Debug|x64
		{B8998F29-B813-45F8-9691-D9D7C596DAC6}.Debug|x86.ActiveCfg = Debug|Win32
		{B8998F29-B813-45F8-9691-D9D7C596DAC6}.Debug|x86.Build.0 = Debug|Win32
		{B8998F29-B813-45F8-9691-D9D7C596DAC6}.Release|x64.ActiveCfg = Release|x64
		{B8998F29-B813-45F8-9691-D9D7C596DAC6}.Release|x64.Build.0 = Release|x64
		{B8998F29-B813-45F8-9691-D9D7C596DAC6}.Release|x86.ActiveCfg = Release|Win32
		{B8998F29-B813-45F8-9691-D9D7C596DAC6}.Release|x86.Build.0 = Release|Win32
		{1BB4C045-7404-4F28-B144-CBFF662884AB}.Debug|x64.ActiveCfg = Debug|x64
		{1BB4C045-7404-4F28-B144-CBFF662884AB}.Debug|x64.Build.0 = Debug|x64
		{1BB4C045-7404-4F28-B144-CBFF662884AB}.Debug|x86.ActiveCfg = Debug|Win32
		{1BB4C045-7404-4F28-B144-CBFF662884AB}.Debug|x86.Build.0 = Debug|Win32
		{1BB4C045-7404-4F28-B144-CBFF662884AB}.Release|x64.ActiveCfg = Release|x64
		{1BB4C045-7404-4F28-B144-CBFF662884AB}.Release|x64.Build.0 = Release|x64
		{1BB4C045-7404-4F28-B144-CBFF662884AB}.Release|x86.ActiveCfg = Release|Win32
		{1BB4C045-7404-4F28-B144-CBFF662884AB}.Release|x86.Build.0 = Release|Win32
		{99C0ED91-71C1-48C2-89BE-CE5C4CF0A5E7}.Debug|x64.ActiveCfg = Debug|x64
		{99C0ED91-71C1-48C2-89BE-CE5C4CF0A5E7}.Debug|x64.Build.0 = Debug|x64
		{99C0ED91-71C1-48C2-89BE-CE5C4CF0A5E7}.Debug|x86.ActiveCfg = Debug|Win32
		{99C0ED91-71C1-48C2-89BE-CE5C4CF0A5E7}.Debug|x86.Build.0 = Debug|Win32
		{99C0ED91-71C1-48C2-89BE-CE5C4CF0A5E7}.Release|x64.ActiveCfg = Release|x64
		{99C0ED91-71C1-48C2-89BE-CE5C4CF0A5E7}.Release|x64.Build.0 = Release|x64
		{99C0ED91-71C1-48C2-89BE-CE5C4CF0A5E7}.Release|x86.ActiveCfg = Release|Win32
		{99C0ED91-71C1-48C2-89BE-CE5C4CF0A5E7}.Release|x86.Build.0 = Release|Win32
		{2A3A241C-F44F-461E-83F7-B5BD3CC8DBB1}.Debug|x64.ActiveCfg = Debug|x64
		{2A3A241C-F44F-461E-83F7-B5BD3CC8DBB1}.Debug|x64.Build.0 = Debug|x64
		{2A3A241C-F44F-461E-83F7-B5BD3CC8DBB1}.Debug|x86.ActiveCfg = Debug|Win32
		{2A3A241C-F44F-461E-83F7-B5BD3CC8DBB1}.Debug|x86.Build.0 = Debug|Win32
		{2A3A241C-F44F-461E-83F7-B5BD3CC8DBB1}.Release|x64.ActiveCfg = Release|x64
		{2A3A241C-F44F-461E-83F7-B5BD3CC8DBB1}.Release|x64.Build.0 = Release|x64
		{2A3A241C-F44F-461E-83F7-B5BD3CC8DBB1}.Release|x86.ActiveCfg = Release|Win32
		{2A3A241C-F44F-461E-83F7-B5BD3CC8DBB1}.Release|x86.Build.0 = Release|Win32
		{CA3E0304-B850-4585-A23F-F8B60296C8CC}.Debug|x64.ActiveCfg = Debug|x64
		{CA3E0304-B850-4585-A23F-F8B60296C8CC}.Debug|x64.Build.0 = Debug|x64
		{CA3E0304-B850-4585-A23F-F8B60296C8CC}.Debug|x86.ActiveCfg = Debug|Win32
		{CA3E0304-B850-4585-A23F-F8B60296C8CC}.Debug|x86.Build.0 = Debug|Win32
		{CA3E0304-B850-4585-A23F-F8B60296C8CC}.Release|x64.ActiveCfg = Release|x64
		{CA3E0304-B850-4585-A23F-F8B60296C8CC}.Release|x64.Build.0 = Release|x64
		{CA3E0304-B850-4585-A23F-F8B60296C8CC}.Release|x86.ActiveCfg = Release|Win32
		{CA3E0304-B850-4585-A23F-F8B60296C8CC}.Release|x86.Build.0 = Release|Win32
		{87A80DFA-0192-4B7F-8334-2C6EE3B6B7F6}.Debug|x64.ActiveCfg = Debug|x64
		{87A80DFA-0192-4B7F-8334-2C6EE3B6B7F6}.Debug|x64.Build.0 = Debug|x64
		{87A80DFA-0192-4B7F-8334-2C6EE3B6B7F6}.Debug|x86.ActiveCfg = Debug|Win32
		{87A80DFA-0192-4B7F-8334-2C6EE3B6B7F6}.Debug|x86.Build.0 = Debug|Win32
		{87A80DFA-0192-4B7F-8334-2C6EE3B6B7F6}.Release|x64.ActiveCfg = Release|x64
		{87A80DFA-0192-4B7F-8334-2C6EE3B6B7F6}.Release|x64.Build.0 = Release|x64
		{87A80DFA-0192-4B7F-8334-2C6EE3B6B7F6}.Release|x86.ActiveCfg = Release|Win32
		{87A80DFA-0192-4B7F-8334-2C6EE3B6B7F6}.Release|x86.Build.0 = Release|Win32
		{9463BD1A-A3AE-32D3-A0C7-337A06B3D951}.Debug|x64.ActiveCfg = Debug|x64
		{9463BD1A-A3AE-32D3-A0C7-337A06B3D951}.Debug|x64.Build.0 = Debug|x64
		{9463BD1A-A3AE-32D3-A0C7-337A06B3D951}.Debug|x86.ActiveCfg = Debug|x64
		{9463BD1A-A3AE-32D3-A0C7-337A06B3D951}.Debug|x86.Build.0 = Debug|x64
		{9463BD1A-A3AE-32D3-A0C7-337A06B3D951}.Release|x64.ActiveCfg = Release|x64
		{9463BD1A-A3AE-32D3-A0C7-337A06B3D951}.Release|x64.Build.0 = Release|x64
		{9463BD1A-A3AE-32D3-A0C7-337A06B3D951}.Release|x86.ActiveCfg = Release|x64
		{9463BD1A-A3AE-32D3-A0C7-337A06B3D951}.Release|x86.Build.0 = Release|x64
		{3E683620-E345-3BD5-9BB7-6E475C636096}.Debug|x64.ActiveCfg = Debug|x64
		{3E683620-E345-3BD5-9BB7-6E475C636096}.Debug|x64.Build.0 = Debug|x64
		{3E683620-E345-3BD5-9BB7-6E475C636096}.Debug|x86.ActiveCfg = Debug|x64
		{3E683620-E345-3BD5-9BB7-6E475C636096}.Debug|x86.Build.0 = Debug|x64
		{3E683620-E345-3BD5-9BB7-6E475C636096}.Release|x64.ActiveCfg = Release|x64
		{3E683620-E345-3BD5-9BB7-6E475C636096}.Release|x64.Build.0 = Release|x64
		{3E683620-E345-3BD5-9BB7-6E475C636096}.Release|x86.ActiveCfg = Release|x64
		{3E683620-E345-3BD5-9BB7-6E475C636096}.Release|x86.Build.0 = Release|x64
		{D97C24A9-D906-4F03-A7B1-A985093EC73A}.Debug|x64.ActiveCfg = Debug|x64
		{D97C24A9-D906-4F03-A7B1-A985093EC73A}.Debug|x64.Build.0 = Debug|x64
		{D97C24A9-D906-4F03-A7B1-A985093EC73A}.Debug|x86.ActiveCfg = Debug|Win32
		{D97C24A9-D906-4F03-A7B1-A985093EC73A}.Debug|x86.Build.0 = Debug|Win32
		{D97C24A9-D906-4F03-A7B1-A985093EC73A}.Release|x64.ActiveCfg = Release|x64
		{D97C24A9-D906-4F03-A7B1-A985093EC73A}.Release|x64.Build.0 = Release|x64
		{D97C24A9-D906-4F03-A7B1-A985093EC73A}.Release|x86.ActiveCfg = Release|Win32
		{D97C24A9-D906-4F03-A7B1-A985093EC73A}.Release|x86.Build.0 = Release|Win32
		{3A592AAC-563C-3812-9CF2-9FBC4634C42C}.Debug|x64.ActiveCfg = Debug|x64
		{3A592AAC-563C-3812-9CF2-9FBC4634C42C}.Debug|x64.Build.0 = Debug|x64
		{3A592AAC-563C-3812-9CF2-9FBC4634C42C}.Debug|x86.ActiveCfg = Debug|x64
		{3A592AAC-563C-3812-9CF2-9FBC4634C42C}.Debug|x86.Build.0 = Debug|x64
		{3A592AAC-563C-3812-9CF2-9FBC4634C42C}.Release|x64.ActiveCfg = Release|x64
		{3A592AAC-563C-3812-9CF2-9FBC4634C42C}.Release|x64.Build.0 = Release|x64
		{3A592AAC-563C-3812-9CF2-9FBC4634C42C}.Release|x86.ActiveCfg = Release|x64
		{3A592AAC-563C-3812-9CF2-9FBC4634C42C}.Release|x86.Build.0 = Release|x64
		{05C01574-2663-40BB-8E3C-8F3C661665AA}.Debug|x64.ActiveCfg = Debug|x64
		{05C01574-2663-40BB-8E3C-8F3C661665AA}.Debug|x64.Build.0 = Debug|x64
		{05C01574-2663-40BB-8E3C-8F3C661665AA}.Debug|x86.ActiveCfg = Debug|Win32
		{05C01574-2663-40BB-8E3C-8F3C661665AA}.Debug|x86.Build.0 = Debug|Win32
		{05C01574-2663-40BB-8E3C-8F3C661665AA}.Release|x64.ActiveCfg = Release|x64
		{05C01574-2663-40BB-8E3C-8F3C661665AA}.Release|x64.Build.0 = Release|x64
		{05C01574-2663-40BB-8E3C-8F3C661665AA}.Release|x86.ActiveCfg = Release|Win32
		{05C01574-2663-40BB-8E3C-8F3C661665AA}.Release|x86.Build.0 = Release|Win32
	EndGlobalSection
	GlobalSection(SolutionProperties) = preSolution
		HideSolutionNode = FALSE
	EndGlobalSection
	GlobalSection(NestedProjects) = preSolution
		{586BC990-54A6-3B12-B0A3-32B67BA8671C} = {A3AC77F7-F823-4E6D-9559-ACAB45576643}
		{C4169BDB-5C8F-38BF-8292-6E20A1F02217} = {A3AC77F7-F823-4E6D-9559-ACAB45576643}
		{9463BD1A-A3AE-32D3-A0C7-337A06B3D951} = {A3AC77F7-F823-4E6D-9559-ACAB45576643}
		{3E683620-E345-3BD5-9BB7-6E475C636096} = {A3AC77F7-F823-4E6D-9559-ACAB45576643}
		{3A592AAC-563C-3812-9CF2-9FBC4634C42C} = {A3AC77F7-F823-4E6D-9559-ACAB45576643}
	EndGlobalSection
EndGlobal
